
Microsoft Visual Studio Solution File, Format Version 12.00
# Visual Studio Version 16
VisualStudioVersion = 16.0.30114.105
MinimumVisualStudioVersion = 10.0.40219.1
Project("{FAE04EC0-301F-11D3-BF4B-00C04F79EFBC}") = "Cake.AssemblyInfoSetter", "src\Cake.AssemblyInfoSetter\Cake.AssemblyInfoSetter.csproj", "{29A5A372-3867-4A39-8CD4-04824729BB90}"
EndProject
Project("{2150E333-8FDC-42A3-9474-1A3956D46DE8}") = "tests", "tests", "{27982B0F-2586-4F50-B7F1-4079182423CC}"
EndProject
Project("{FAE04EC0-301F-11D3-BF4B-00C04F79EFBC}") = "Cake.AssemblyInfoSetter.Tests", "tests\Cake.AssemblyInfoSetter.Tests\Cake.AssemblyInfoSetter.Tests.csproj", "{B8E4F159-537A-4CDF-8BA8-0822FB778AF9}"
EndProject
Global
	GlobalSection(SolutionConfigurationPlatforms) = preSolution
		Debug|Any CPU = Debug|Any CPU
		Release|Any CPU = Release|Any CPU
	EndGlobalSection
	GlobalSection(SolutionProperties) = preSolution
		HideSolutionNode = FALSE
	EndGlobalSection
	GlobalSection(ProjectConfigurationPlatforms) = postSolution
		{29A5A372-3867-4A39-8CD4-04824729BB90}.Debug|Any CPU.ActiveCfg = Debug|Any CPU
		{29A5A372-3867-4A39-8CD4-04824729BB90}.Debug|Any CPU.Build.0 = Debug|Any CPU
		{29A5A372-3867-4A39-8CD4-04824729BB90}.Release|Any CPU.ActiveCfg = Release|Any CPU
		{29A5A372-3867-4A39-8CD4-04824729BB90}.Release|Any CPU.Build.0 = Release|Any CPU
		{B8E4F159-537A-4CDF-8BA8-0822FB778AF9}.Debug|Any CPU.ActiveCfg = Debug|Any CPU
		{B8E4F159-537A-4CDF-8BA8-0822FB778AF9}.Debug|Any CPU.Build.0 = Debug|Any CPU
		{B8E4F159-537A-4CDF-8BA8-0822FB778AF9}.Release|Any CPU.ActiveCfg = Release|Any CPU
		{B8E4F159-537A-4CDF-8BA8-0822FB778AF9}.Release|Any CPU.Build.0 = Release|Any CPU
	EndGlobalSection
	GlobalSection(NestedProjects) = preSolution
		{B8E4F159-537A-4CDF-8BA8-0822FB778AF9} = {27982B0F-2586-4F50-B7F1-4079182423CC}
	EndGlobalSection
EndGlobal
